
Microsoft Visual Studio Solution File, Format Version 12.00
# Visual Studio Version 17
VisualStudioVersion = 17.8.34004.107
MinimumVisualStudioVersion = 10.0.40219.1
Project("{FAE04EC0-301F-11D3-BF4B-00C04F79EFBC}") = "Basics", "Basics\Basics.csproj", "{EABF681F-1253-44EF-9A18-E1275CF84A99}"
EndProject
Global
	GlobalSection(SolutionConfigurationPlatforms) = preSolution
		Debug|Any CPU = Debug|Any CPU
		Release|Any CPU = Release|Any CPU
	EndGlobalSection
	GlobalSection(ProjectConfigurationPlatforms) = postSolution
		{EABF681F-1253-44EF-9A18-E1275CF84A99}.Debug|Any CPU.ActiveCfg = Debug|Any CPU
		{EABF681F-1253-44EF-9A18-E1275CF84A99}.Debug|Any CPU.Build.0 = Debug|Any CPU
		{EABF681F-1253-44EF-9A18-E1275CF84A99}.Release|Any CPU.ActiveCfg = Release|Any CPU
		{EABF681F-1253-44EF-9A18-E1275CF84A99}.Release|Any CPU.Build.0 = Release|Any CPU
	EndGlobalSection
	GlobalSection(SolutionProperties) = preSolution
		HideSolutionNode = FALSE
	EndGlobalSection
	GlobalSection(ExtensibilityGlobals) = postSolution
		SolutionGuid = {F6B7939F-83AC-479A-95E7-E1EDA36A5E8C}
	EndGlobalSection
EndGlobal
